// !$*UTF8*$!
{
	archiveVersion = 1;
	classes = {
	};
	objectVersion = 52;
	objects = {

/* Begin PBXBuildFile section */
		282CCE12265EDE7700763C0D /* macosAppApp.swift in Sources */ = {isa = PBXBuildFile; fileRef = 282CCE11265EDE7700763C0D /* macosAppApp.swift */; };
		282CCE14265EDE7700763C0D /* ContentView.swift in Sources */ = {isa = PBXBuildFile; fileRef = 282CCE13265EDE7700763C0D /* ContentView.swift */; };
		282CCE16265EDE7800763C0D /* Assets.xcassets in Resources */ = {isa = PBXBuildFile; fileRef = 282CCE15265EDE7800763C0D /* Assets.xcassets */; };
		282CCE19265EDE7800763C0D /* Preview Assets.xcassets in Resources */ = {isa = PBXBuildFile; fileRef = 282CCE18265EDE7800763C0D /* Preview Assets.xcassets */; };
		282CCE25265EDE7800763C0D /* macosAppTests.swift in Sources */ = {isa = PBXBuildFile; fileRef = 282CCE24265EDE7800763C0D /* macosAppTests.swift */; };
		282CCE30265EDE7800763C0D /* macosAppUITests.swift in Sources */ = {isa = PBXBuildFile; fileRef = 282CCE2F265EDE7800763C0D /* macosAppUITests.swift */; };
		2876ABC026630B180033C5AA /* AFNetworking.framework in Frameworks */ = {isa = PBXBuildFile; fileRef = 282CCE43265EE22900763C0D /* AFNetworking.framework */; };
		2876ABC126630B180033C5AA /* AFNetworking.framework in Embed Frameworks */ = {isa = PBXBuildFile; fileRef = 282CCE43265EE22900763C0D /* AFNetworking.framework */; settings = {ATTRIBUTES = (CodeSignOnCopy, RemoveHeadersOnCopy, ); }; };
		2876ABC326630B1A0033C5AA /* KotlinLibrary.xcframework in Frameworks */ = {isa = PBXBuildFile; fileRef = 282CCE3E265EDEEB00763C0D /* KotlinLibrary.xcframework */; };
		2876ABC426630B1A0033C5AA /* KotlinLibrary.xcframework in Embed Frameworks */ = {isa = PBXBuildFile; fileRef = 282CCE3E265EDEEB00763C0D /* KotlinLibrary.xcframework */; settings = {ATTRIBUTES = (CodeSignOnCopy, RemoveHeadersOnCopy, ); }; };
/* End PBXBuildFile section */

/* Begin PBXContainerItemProxy section */
		282CCE21265EDE7800763C0D /* PBXContainerItemProxy */ = {
			isa = PBXContainerItemProxy;
			containerPortal = 282CCE06265EDE7700763C0D /* Project object */;
			proxyType = 1;
			remoteGlobalIDString = 282CCE0D265EDE7700763C0D;
			remoteInfo = macosApp;
		};
		282CCE2C265EDE7800763C0D /* PBXContainerItemProxy */ = {
			isa = PBXContainerItemProxy;
			containerPortal = 282CCE06265EDE7700763C0D /* Project object */;
			proxyType = 1;
			remoteGlobalIDString = 282CCE0D265EDE7700763C0D;
			remoteInfo = macosApp;
		};
/* End PBXContainerItemProxy section */

/* Begin PBXCopyFilesBuildPhase section */
		2876ABC226630B180033C5AA /* Embed Frameworks */ = {
			isa = PBXCopyFilesBuildPhase;
			buildActionMask = 2147483647;
			dstPath = "";
			dstSubfolderSpec = 10;
			files = (
				2876ABC426630B1A0033C5AA /* KotlinLibrary.xcframework in Embed Frameworks */,
				2876ABC126630B180033C5AA /* AFNetworking.framework in Embed Frameworks */,
			);
			name = "Embed Frameworks";
			runOnlyForDeploymentPostprocessing = 0;
		};
/* End PBXCopyFilesBuildPhase section */

/* Begin PBXFileReference section */
		282CCE0E265EDE7700763C0D /* macosApp.app */ = {isa = PBXFileReference; explicitFileType = wrapper.application; includeInIndex = 0; path = macosApp.app; sourceTree = BUILT_PRODUCTS_DIR; };
		282CCE11265EDE7700763C0D /* macosAppApp.swift */ = {isa = PBXFileReference; lastKnownFileType = sourcecode.swift; path = macosAppApp.swift; sourceTree = "<group>"; };
		282CCE13265EDE7700763C0D /* ContentView.swift */ = {isa = PBXFileReference; lastKnownFileType = sourcecode.swift; path = ContentView.swift; sourceTree = "<group>"; };
		282CCE15265EDE7800763C0D /* Assets.xcassets */ = {isa = PBXFileReference; lastKnownFileType = folder.assetcatalog; path = Assets.xcassets; sourceTree = "<group>"; };
		282CCE18265EDE7800763C0D /* Preview Assets.xcassets */ = {isa = PBXFileReference; lastKnownFileType = folder.assetcatalog; path = "Preview Assets.xcassets"; sourceTree = "<group>"; };
		282CCE1A265EDE7800763C0D /* Info.plist */ = {isa = PBXFileReference; lastKnownFileType = text.plist.xml; path = Info.plist; sourceTree = "<group>"; };
		282CCE1B265EDE7800763C0D /* macosApp.entitlements */ = {isa = PBXFileReference; lastKnownFileType = text.plist.entitlements; path = macosApp.entitlements; sourceTree = "<group>"; };
		282CCE20265EDE7800763C0D /* macosAppTests.xctest */ = {isa = PBXFileReference; explicitFileType = wrapper.cfbundle; includeInIndex = 0; path = macosAppTests.xctest; sourceTree = BUILT_PRODUCTS_DIR; };
		282CCE24265EDE7800763C0D /* macosAppTests.swift */ = {isa = PBXFileReference; lastKnownFileType = sourcecode.swift; path = macosAppTests.swift; sourceTree = "<group>"; };
		282CCE26265EDE7800763C0D /* Info.plist */ = {isa = PBXFileReference; lastKnownFileType = text.plist.xml; path = Info.plist; sourceTree = "<group>"; };
		282CCE2B265EDE7800763C0D /* macosAppUITests.xctest */ = {isa = PBXFileReference; explicitFileType = wrapper.cfbundle; includeInIndex = 0; path = macosAppUITests.xctest; sourceTree = BUILT_PRODUCTS_DIR; };
		282CCE2F265EDE7800763C0D /* macosAppUITests.swift */ = {isa = PBXFileReference; lastKnownFileType = sourcecode.swift; path = macosAppUITests.swift; sourceTree = "<group>"; };
		282CCE31265EDE7800763C0D /* Info.plist */ = {isa = PBXFileReference; lastKnownFileType = text.plist.xml; path = Info.plist; sourceTree = "<group>"; };
		282CCE3E265EDEEB00763C0D /* KotlinLibrary.xcframework */ = {isa = PBXFileReference; lastKnownFileType = wrapper.xcframework; name = KotlinLibrary.xcframework; path = "kotlin-xcframework/KotlinLibrary.xcframework"; sourceTree = "<group>"; };
		282CCE43265EE22900763C0D /* AFNetworking.framework */ = {isa = PBXFileReference; lastKnownFileType = wrapper.framework; name = AFNetworking.framework; path = "kotlin-xcframework/AFNetworking.framework"; sourceTree = "<group>"; };
		2876ABBC26630AE70033C5AA /* KotlinLibrary.framework */ = {isa = PBXFileReference; lastKnownFileType = wrapper.framework; name = KotlinLibrary.framework; path = "kotlin-xcframework/KotlinLibrary.framework"; sourceTree = "<group>"; };
/* End PBXFileReference section */

/* Begin PBXFrameworksBuildPhase section */
		282CCE0B265EDE7700763C0D /* Frameworks */ = {
			isa = PBXFrameworksBuildPhase;
			buildActionMask = 2147483647;
			files = (
				2876ABC326630B1A0033C5AA /* KotlinLibrary.xcframework in Frameworks */,
				2876ABC026630B180033C5AA /* AFNetworking.framework in Frameworks */,
			);
			runOnlyForDeploymentPostprocessing = 0;
		};
		282CCE1D265EDE7800763C0D /* Frameworks */ = {
			isa = PBXFrameworksBuildPhase;
			buildActionMask = 2147483647;
			files = (
			);
			runOnlyForDeploymentPostprocessing = 0;
		};
		282CCE28265EDE7800763C0D /* Frameworks */ = {
			isa = PBXFrameworksBuildPhase;
			buildActionMask = 2147483647;
			files = (
			);
			runOnlyForDeploymentPostprocessing = 0;
		};
/* End PBXFrameworksBuildPhase section */

/* Begin PBXGroup section */
		282CCE05265EDE7700763C0D = {
			isa = PBXGroup;
			children = (
				282CCE10265EDE7700763C0D /* macosApp */,
				282CCE23265EDE7800763C0D /* macosAppTests */,
				282CCE2E265EDE7800763C0D /* macosAppUITests */,
				282CCE0F265EDE7700763C0D /* Products */,
				282CCE3D265EDEEB00763C0D /* Frameworks */,
			);
			sourceTree = "<group>";
		};
		282CCE0F265EDE7700763C0D /* Products */ = {
			isa = PBXGroup;
			children = (
				282CCE0E265EDE7700763C0D /* macosApp.app */,
				282CCE20265EDE7800763C0D /* macosAppTests.xctest */,
				282CCE2B265EDE7800763C0D /* macosAppUITests.xctest */,
			);
			name = Products;
			sourceTree = "<group>";
		};
		282CCE10265EDE7700763C0D /* macosApp */ = {
			isa = PBXGroup;
			children = (
				282CCE11265EDE7700763C0D /* macosAppApp.swift */,
				282CCE13265EDE7700763C0D /* ContentView.swift */,
				282CCE15265EDE7800763C0D /* Assets.xcassets */,
				282CCE1A265EDE7800763C0D /* Info.plist */,
				282CCE1B265EDE7800763C0D /* macosApp.entitlements */,
				282CCE17265EDE7800763C0D /* Preview Content */,
			);
			path = macosApp;
			sourceTree = "<group>";
		};
		282CCE17265EDE7800763C0D /* Preview Content */ = {
			isa = PBXGroup;
			children = (
				282CCE18265EDE7800763C0D /* Preview Assets.xcassets */,
			);
			path = "Preview Content";
			sourceTree = "<group>";
		};
		282CCE23265EDE7800763C0D /* macosAppTests */ = {
			isa = PBXGroup;
			children = (
				282CCE24265EDE7800763C0D /* macosAppTests.swift */,
				282CCE26265EDE7800763C0D /* Info.plist */,
			);
			path = macosAppTests;
			sourceTree = "<group>";
		};
		282CCE2E265EDE7800763C0D /* macosAppUITests */ = {
			isa = PBXGroup;
			children = (
				282CCE2F265EDE7800763C0D /* macosAppUITests.swift */,
				282CCE31265EDE7800763C0D /* Info.plist */,
			);
			path = macosAppUITests;
			sourceTree = "<group>";
		};
		282CCE3D265EDEEB00763C0D /* Frameworks */ = {
			isa = PBXGroup;
			children = (
				2876ABBC26630AE70033C5AA /* KotlinLibrary.framework */,
				282CCE43265EE22900763C0D /* AFNetworking.framework */,
				282CCE3E265EDEEB00763C0D /* KotlinLibrary.xcframework */,
			);
			name = Frameworks;
			sourceTree = "<group>";
		};
/* End PBXGroup section */

/* Begin PBXNativeTarget section */
		282CCE0D265EDE7700763C0D /* macosApp */ = {
			isa = PBXNativeTarget;
			buildConfigurationList = 282CCE34265EDE7800763C0D /* Build configuration list for PBXNativeTarget "macosApp" */;
			buildPhases = (
				282CCE0A265EDE7700763C0D /* Sources */,
				282CCE0B265EDE7700763C0D /* Frameworks */,
				282CCE0C265EDE7700763C0D /* Resources */,
				2876ABC226630B180033C5AA /* Embed Frameworks */,
			);
			buildRules = (
			);
			dependencies = (
			);
			name = macosApp;
			productName = macosApp;
			productReference = 282CCE0E265EDE7700763C0D /* macosApp.app */;
			productType = "com.apple.product-type.application";
		};
		282CCE1F265EDE7800763C0D /* macosAppTests */ = {
			isa = PBXNativeTarget;
			buildConfigurationList = 282CCE37265EDE7800763C0D /* Build configuration list for PBXNativeTarget "macosAppTests" */;
			buildPhases = (
				282CCE1C265EDE7800763C0D /* Sources */,
				282CCE1D265EDE7800763C0D /* Frameworks */,
				282CCE1E265EDE7800763C0D /* Resources */,
			);
			buildRules = (
			);
			dependencies = (
				282CCE22265EDE7800763C0D /* PBXTargetDependency */,
			);
			name = macosAppTests;
			productName = macosAppTests;
			productReference = 282CCE20265EDE7800763C0D /* macosAppTests.xctest */;
			productType = "com.apple.product-type.bundle.unit-test";
		};
		282CCE2A265EDE7800763C0D /* macosAppUITests */ = {
			isa = PBXNativeTarget;
			buildConfigurationList = 282CCE3A265EDE7800763C0D /* Build configuration list for PBXNativeTarget "macosAppUITests" */;
			buildPhases = (
				282CCE27265EDE7800763C0D /* Sources */,
				282CCE28265EDE7800763C0D /* Frameworks */,
				282CCE29265EDE7800763C0D /* Resources */,
			);
			buildRules = (
			);
			dependencies = (
				282CCE2D265EDE7800763C0D /* PBXTargetDependency */,
			);
			name = macosAppUITests;
			productName = macosAppUITests;
			productReference = 282CCE2B265EDE7800763C0D /* macosAppUITests.xctest */;
			productType = "com.apple.product-type.bundle.ui-testing";
		};
/* End PBXNativeTarget section */

/* Begin PBXProject section */
		282CCE06265EDE7700763C0D /* Project object */ = {
			isa = PBXProject;
			attributes = {
				LastSwiftUpdateCheck = 1250;
				LastUpgradeCheck = 1250;
				TargetAttributes = {
					282CCE0D265EDE7700763C0D = {
						CreatedOnToolsVersion = 12.5;
					};
					282CCE1F265EDE7800763C0D = {
						CreatedOnToolsVersion = 12.5;
						TestTargetID = 282CCE0D265EDE7700763C0D;
					};
					282CCE2A265EDE7800763C0D = {
						CreatedOnToolsVersion = 12.5;
						TestTargetID = 282CCE0D265EDE7700763C0D;
					};
				};
			};
			buildConfigurationList = 282CCE09265EDE7700763C0D /* Build configuration list for PBXProject "macosApp" */;
			compatibilityVersion = "Xcode 9.3";
			developmentRegion = en;
			hasScannedForEncodings = 0;
			knownRegions = (
				en,
				Base,
			);
			mainGroup = 282CCE05265EDE7700763C0D;
			productRefGroup = 282CCE0F265EDE7700763C0D /* Products */;
			projectDirPath = "";
			projectRoot = "";
			targets = (
				282CCE0D265EDE7700763C0D /* macosApp */,
				282CCE1F265EDE7800763C0D /* macosAppTests */,
				282CCE2A265EDE7800763C0D /* macosAppUITests */,
			);
		};
/* End PBXProject section */

/* Begin PBXResourcesBuildPhase section */
		282CCE0C265EDE7700763C0D /* Resources */ = {
			isa = PBXResourcesBuildPhase;
			buildActionMask = 2147483647;
			files = (
				282CCE19265EDE7800763C0D /* Preview Assets.xcassets in Resources */,
				282CCE16265EDE7800763C0D /* Assets.xcassets in Resources */,
			);
			runOnlyForDeploymentPostprocessing = 0;
		};
		282CCE1E265EDE7800763C0D /* Resources */ = {
			isa = PBXResourcesBuildPhase;
			buildActionMask = 2147483647;
			files = (
			);
			runOnlyForDeploymentPostprocessing = 0;
		};
		282CCE29265EDE7800763C0D /* Resources */ = {
			isa = PBXResourcesBuildPhase;
			buildActionMask = 2147483647;
			files = (
			);
			runOnlyForDeploymentPostprocessing = 0;
		};
/* End PBXResourcesBuildPhase section */

/* Begin PBXSourcesBuildPhase section */
		282CCE0A265EDE7700763C0D /* Sources */ = {
			isa = PBXSourcesBuildPhase;
			buildActionMask = 2147483647;
			files = (
				282CCE14265EDE7700763C0D /* ContentView.swift in Sources */,
				282CCE12265EDE7700763C0D /* macosAppApp.swift in Sources */,
			);
			runOnlyForDeploymentPostprocessing = 0;
		};
		282CCE1C265EDE7800763C0D /* Sources */ = {
			isa = PBXSourcesBuildPhase;
			buildActionMask = 2147483647;
			files = (
				282CCE25265EDE7800763C0D /* macosAppTests.swift in Sources */,
			);
			runOnlyForDeploymentPostprocessing = 0;
		};
		282CCE27265EDE7800763C0D /* Sources */ = {
			isa = PBXSourcesBuildPhase;
			buildActionMask = 2147483647;
			files = (
				282CCE30265EDE7800763C0D /* macosAppUITests.swift in Sources */,
			);
			runOnlyForDeploymentPostprocessing = 0;
		};
/* End PBXSourcesBuildPhase section */

/* Begin PBXTargetDependency section */
		282CCE22265EDE7800763C0D /* PBXTargetDependency */ = {
			isa = PBXTargetDependency;
			target = 282CCE0D265EDE7700763C0D /* macosApp */;
			targetProxy = 282CCE21265EDE7800763C0D /* PBXContainerItemProxy */;
		};
		282CCE2D265EDE7800763C0D /* PBXTargetDependency */ = {
			isa = PBXTargetDependency;
			target = 282CCE0D265EDE7700763C0D /* macosApp */;
			targetProxy = 282CCE2C265EDE7800763C0D /* PBXContainerItemProxy */;
		};
/* End PBXTargetDependency section */

/* Begin XCBuildConfiguration section */
		282CCE32265EDE7800763C0D /* Debug */ = {
			isa = XCBuildConfiguration;
			buildSettings = {
				ALWAYS_SEARCH_USER_PATHS = NO;
				CLANG_ANALYZER_NONNULL = YES;
				CLANG_ANALYZER_NUMBER_OBJECT_CONVERSION = YES_AGGRESSIVE;
				CLANG_CXX_LANGUAGE_STANDARD = "gnu++14";
				CLANG_CXX_LIBRARY = "libc++";
				CLANG_ENABLE_MODULES = YES;
				CLANG_ENABLE_OBJC_ARC = YES;
				CLANG_ENABLE_OBJC_WEAK = YES;
				CLANG_WARN_BLOCK_CAPTURE_AUTORELEASING = YES;
				CLANG_WARN_BOOL_CONVERSION = YES;
				CLANG_WARN_COMMA = YES;
				CLANG_WARN_CONSTANT_CONVERSION = YES;
				CLANG_WARN_DEPRECATED_OBJC_IMPLEMENTATIONS = YES;
				CLANG_WARN_DIRECT_OBJC_ISA_USAGE = YES_ERROR;
				CLANG_WARN_DOCUMENTATION_COMMENTS = YES;
				CLANG_WARN_EMPTY_BODY = YES;
				CLANG_WARN_ENUM_CONVERSION = YES;
				CLANG_WARN_INFINITE_RECURSION = YES;
				CLANG_WARN_INT_CONVERSION = YES;
				CLANG_WARN_NON_LITERAL_NULL_CONVERSION = YES;
				CLANG_WARN_OBJC_IMPLICIT_RETAIN_SELF = YES;
				CLANG_WARN_OBJC_LITERAL_CONVERSION = YES;
				CLANG_WARN_OBJC_ROOT_CLASS = YES_ERROR;
				CLANG_WARN_QUOTED_INCLUDE_IN_FRAMEWORK_HEADER = YES;
				CLANG_WARN_RANGE_LOOP_ANALYSIS = YES;
				CLANG_WARN_STRICT_PROTOTYPES = YES;
				CLANG_WARN_SUSPICIOUS_MOVE = YES;
				CLANG_WARN_UNGUARDED_AVAILABILITY = YES_AGGRESSIVE;
				CLANG_WARN_UNREACHABLE_CODE = YES;
				CLANG_WARN__DUPLICATE_METHOD_MATCH = YES;
				COPY_PHASE_STRIP = NO;
				DEBUG_INFORMATION_FORMAT = dwarf;
				ENABLE_STRICT_OBJC_MSGSEND = YES;
				ENABLE_TESTABILITY = YES;
				GCC_C_LANGUAGE_STANDARD = gnu11;
				GCC_DYNAMIC_NO_PIC = NO;
				GCC_NO_COMMON_BLOCKS = YES;
				GCC_OPTIMIZATION_LEVEL = 0;
				GCC_PREPROCESSOR_DEFINITIONS = (
					"DEBUG=1",
					"$(inherited)",
				);
				GCC_WARN_64_TO_32_BIT_CONVERSION = YES;
				GCC_WARN_ABOUT_RETURN_TYPE = YES_ERROR;
				GCC_WARN_UNDECLARED_SELECTOR = YES;
				GCC_WARN_UNINITIALIZED_AUTOS = YES_AGGRESSIVE;
				GCC_WARN_UNUSED_FUNCTION = YES;
				GCC_WARN_UNUSED_VARIABLE = YES;
				MACOSX_DEPLOYMENT_TARGET = 11.3;
				MTL_ENABLE_DEBUG_INFO = INCLUDE_SOURCE;
				MTL_FAST_MATH = YES;
				ONLY_ACTIVE_ARCH = YES;
				SDKROOT = macosx;
				SWIFT_ACTIVE_COMPILATION_CONDITIONS = DEBUG;
				SWIFT_OPTIMIZATION_LEVEL = "-Onone";
			};
			name = Debug;
		};
		282CCE33265EDE7800763C0D /* Release */ = {
			isa = XCBuildConfiguration;
			buildSettings = {
				ALWAYS_SEARCH_USER_PATHS = NO;
				CLANG_ANALYZER_NONNULL = YES;
				CLANG_ANALYZER_NUMBER_OBJECT_CONVERSION = YES_AGGRESSIVE;
				CLANG_CXX_LANGUAGE_STANDARD = "gnu++14";
				CLANG_CXX_LIBRARY = "libc++";
				CLANG_ENABLE_MODULES = YES;
				CLANG_ENABLE_OBJC_ARC = YES;
				CLANG_ENABLE_OBJC_WEAK = YES;
				CLANG_WARN_BLOCK_CAPTURE_AUTORELEASING = YES;
				CLANG_WARN_BOOL_CONVERSION = YES;
				CLANG_WARN_COMMA = YES;
				CLANG_WARN_CONSTANT_CONVERSION = YES;
				CLANG_WARN_DEPRECATED_OBJC_IMPLEMENTATIONS = YES;
				CLANG_WARN_DIRECT_OBJC_ISA_USAGE = YES_ERROR;
				CLANG_WARN_DOCUMENTATION_COMMENTS = YES;
				CLANG_WARN_EMPTY_BODY = YES;
				CLANG_WARN_ENUM_CONVERSION = YES;
				CLANG_WARN_INFINITE_RECURSION = YES;
				CLANG_WARN_INT_CONVERSION = YES;
				CLANG_WARN_NON_LITERAL_NULL_CONVERSION = YES;
				CLANG_WARN_OBJC_IMPLICIT_RETAIN_SELF = YES;
				CLANG_WARN_OBJC_LITERAL_CONVERSION = YES;
				CLANG_WARN_OBJC_ROOT_CLASS = YES_ERROR;
				CLANG_WARN_QUOTED_INCLUDE_IN_FRAMEWORK_HEADER = YES;
				CLANG_WARN_RANGE_LOOP_ANALYSIS = YES;
				CLANG_WARN_STRICT_PROTOTYPES = YES;
				CLANG_WARN_SUSPICIOUS_MOVE = YES;
				CLANG_WARN_UNGUARDED_AVAILABILITY = YES_AGGRESSIVE;
				CLANG_WARN_UNREACHABLE_CODE = YES;
				CLANG_WARN__DUPLICATE_METHOD_MATCH = YES;
				COPY_PHASE_STRIP = NO;
				DEBUG_INFORMATION_FORMAT = "dwarf-with-dsym";
				ENABLE_NS_ASSERTIONS = NO;
				ENABLE_STRICT_OBJC_MSGSEND = YES;
				GCC_C_LANGUAGE_STANDARD = gnu11;
				GCC_NO_COMMON_BLOCKS = YES;
				GCC_WARN_64_TO_32_BIT_CONVERSION = YES;
				GCC_WARN_ABOUT_RETURN_TYPE = YES_ERROR;
				GCC_WARN_UNDECLARED_SELECTOR = YES;
				GCC_WARN_UNINITIALIZED_AUTOS = YES_AGGRESSIVE;
				GCC_WARN_UNUSED_FUNCTION = YES;
				GCC_WARN_UNUSED_VARIABLE = YES;
				MACOSX_DEPLOYMENT_TARGET = 11.3;
				MTL_ENABLE_DEBUG_INFO = NO;
				MTL_FAST_MATH = YES;
				SDKROOT = macosx;
				SWIFT_COMPILATION_MODE = wholemodule;
				SWIFT_OPTIMIZATION_LEVEL = "-O";
			};
			name = Release;
		};
		282CCE35265EDE7800763C0D /* Debug */ = {
			isa = XCBuildConfiguration;
			buildSettings = {
				ASSETCATALOG_COMPILER_APPICON_NAME = AppIcon;
				ASSETCATALOG_COMPILER_GLOBAL_ACCENT_COLOR_NAME = AccentColor;
				CODE_SIGN_ENTITLEMENTS = macosApp/macosApp.entitlements;
				CODE_SIGN_STYLE = Automatic;
				COMBINE_HIDPI_IMAGES = YES;
				DEVELOPMENT_ASSET_PATHS = "\"macosApp/Preview Content\"";
				ENABLE_PREVIEWS = YES;
				FRAMEWORK_SEARCH_PATHS = (
					"$(inherited)",
					"$(BUILT_PRODUCTS_DIR)/AFNetworking",
					"$(PROJECT_DIR)/kotlin-xcframework",
				);
				INFOPLIST_FILE = macosApp/Info.plist;
				LD_RUNPATH_SEARCH_PATHS = (
					"$(inherited)",
					"@executable_path/../Frameworks",
					"@loader_path/Frameworks",
					"$(BUILT_PRODUCTS_DIR)/AFNetworking",
				);
				MACOSX_DEPLOYMENT_TARGET = 11.0;
				PRODUCT_BUNDLE_IDENTIFIER = pagrom.macosApp;
				PRODUCT_NAME = "$(TARGET_NAME)";
				SWIFT_VERSION = 5.0;
			};
			name = Debug;
		};
		282CCE36265EDE7800763C0D /* Release */ = {
			isa = XCBuildConfiguration;
			buildSettings = {
				ASSETCATALOG_COMPILER_APPICON_NAME = AppIcon;
				ASSETCATALOG_COMPILER_GLOBAL_ACCENT_COLOR_NAME = AccentColor;
				CODE_SIGN_ENTITLEMENTS = macosApp/macosApp.entitlements;
				CODE_SIGN_STYLE = Automatic;
				COMBINE_HIDPI_IMAGES = YES;
				DEVELOPMENT_ASSET_PATHS = "\"macosApp/Preview Content\"";
				ENABLE_PREVIEWS = YES;
				FRAMEWORK_SEARCH_PATHS = (
					"$(inherited)",
					"$(BUILT_PRODUCTS_DIR)/AFNetworking",
					"$(PROJECT_DIR)/kotlin-xcframework",
				);
				INFOPLIST_FILE = macosApp/Info.plist;
				LD_RUNPATH_SEARCH_PATHS = (
					"$(inherited)",
					"@executable_path/../Frameworks",
					"@loader_path/Frameworks",
					"$(BUILT_PRODUCTS_DIR)/AFNetworking",
				);
				MACOSX_DEPLOYMENT_TARGET = 11.0;
				PRODUCT_BUNDLE_IDENTIFIER = pagrom.macosApp;
				PRODUCT_NAME = "$(TARGET_NAME)";
				SWIFT_VERSION = 5.0;
			};
			name = Release;
		};
		282CCE38265EDE7800763C0D /* Debug */ = {
			isa = XCBuildConfiguration;
			buildSettings = {
				ALWAYS_EMBED_SWIFT_STANDARD_LIBRARIES = YES;
				BUNDLE_LOADER = "$(TEST_HOST)";
				CODE_SIGN_STYLE = Automatic;
				COMBINE_HIDPI_IMAGES = YES;
				INFOPLIST_FILE = macosAppTests/Info.plist;
				LD_RUNPATH_SEARCH_PATHS = (
					"$(inherited)",
					"@executable_path/../Frameworks",
					"@loader_path/../Frameworks",
				);
				MACOSX_DEPLOYMENT_TARGET = 11.0;
				PRODUCT_BUNDLE_IDENTIFIER = pagrom.macosAppTests;
				PRODUCT_NAME = "$(TARGET_NAME)";
				SWIFT_VERSION = 5.0;
				TEST_HOST = "$(BUILT_PRODUCTS_DIR)/macosApp.app/Contents/MacOS/macosApp";
			};
			name = Debug;
		};
		282CCE39265EDE7800763C0D /* Release */ = {
			isa = XCBuildConfiguration;
			buildSettings = {
				ALWAYS_EMBED_SWIFT_STANDARD_LIBRARIES = YES;
				BUNDLE_LOADER = "$(TEST_HOST)";
				CODE_SIGN_STYLE = Automatic;
				COMBINE_HIDPI_IMAGES = YES;
				INFOPLIST_FILE = macosAppTests/Info.plist;
				LD_RUNPATH_SEARCH_PATHS = (
					"$(inherited)",
					"@executable_path/../Frameworks",
					"@loader_path/../Frameworks",
				);
				MACOSX_DEPLOYMENT_TARGET = 11.0;
				PRODUCT_BUNDLE_IDENTIFIER = pagrom.macosAppTests;
				PRODUCT_NAME = "$(TARGET_NAME)";
				SWIFT_VERSION = 5.0;
				TEST_HOST = "$(BUILT_PRODUCTS_DIR)/macosApp.app/Contents/MacOS/macosApp";
			};
			name = Release;
		};
		282CCE3B265EDE7800763C0D /* Debug */ = {
			isa = XCBuildConfiguration;
			buildSettings = {
				ALWAYS_EMBED_SWIFT_STANDARD_LIBRARIES = YES;
				CODE_SIGN_STYLE = Automatic;
				COMBINE_HIDPI_IMAGES = YES;
				INFOPLIST_FILE = macosAppUITests/Info.plist;
				LD_RUNPATH_SEARCH_PATHS = (
					"$(inherited)",
					"@executable_path/../Frameworks",
					"@loader_path/../Frameworks",
				);
				PRODUCT_BUNDLE_IDENTIFIER = pagrom.macosAppUITests;
				PRODUCT_NAME = "$(TARGET_NAME)";
				SWIFT_VERSION = 5.0;
				TEST_TARGET_NAME = macosApp;
			};
			name = Debug;
		};
		282CCE3C265EDE7800763C0D /* Release */ = {
			isa = XCBuildConfiguration;
			buildSettings = {
				ALWAYS_EMBED_SWIFT_STANDARD_LIBRARIES = YES;
				CODE_SIGN_STYLE = Automatic;
				COMBINE_HIDPI_IMAGES = YES;
				INFOPLIST_FILE = macosAppUITests/Info.plist;
				LD_RUNPATH_SEARCH_PATHS = (
					"$(inherited)",
					"@executable_path/../Frameworks",
					"@loader_path/../Frameworks",
				);
				PRODUCT_BUNDLE_IDENTIFIER = pagrom.macosAppUITests;
				PRODUCT_NAME = "$(TARGET_NAME)";
				SWIFT_VERSION = 5.0;
				TEST_TARGET_NAME = macosApp;
			};
			name = Release;
		};
/* End XCBuildConfiguration section */

/* Begin XCConfigurationList section */
		282CCE09265EDE7700763C0D /* Build configuration list for PBXProject "macosApp" */ = {
			isa = XCConfigurationList;
			buildConfigurations = (
				282CCE32265EDE7800763C0D /* Debug */,
				282CCE33265EDE7800763C0D /* Release */,
			);
			defaultConfigurationIsVisible = 0;
			defaultConfigurationName = Release;
		};
		282CCE34265EDE7800763C0D /* Build configuration list for PBXNativeTarget "macosApp" */ = {
			isa = XCConfigurationList;
			buildConfigurations = (
				282CCE35265EDE7800763C0D /* Debug */,
				282CCE36265EDE7800763C0D /* Release */,
			);
			defaultConfigurationIsVisible = 0;
			defaultConfigurationName = Release;
		};
		282CCE37265EDE7800763C0D /* Build configuration list for PBXNativeTarget "macosAppTests" */ = {
			isa = XCConfigurationList;
			buildConfigurations = (
				282CCE38265EDE7800763C0D /* Debug */,
				282CCE39265EDE7800763C0D /* Release */,
			);
			defaultConfigurationIsVisible = 0;
			defaultConfigurationName = Release;
		};
		282CCE3A265EDE7800763C0D /* Build configuration list for PBXNativeTarget "macosAppUITests" */ = {
			isa = XCConfigurationList;
			buildConfigurations = (
				282CCE3B265EDE7800763C0D /* Debug */,
				282CCE3C265EDE7800763C0D /* Release */,
			);
			defaultConfigurationIsVisible = 0;
			defaultConfigurationName = Release;
		};
/* End XCConfigurationList section */
	};
	rootObject = 282CCE06265EDE7700763C0D /* Project object */;
}
